
Microsoft Visual Studio Solution File, Format Version 12.00
Project("{FAE04EC0-301F-11D3-BF4B-00C04F79EFBC}") = "ShortestPath.BusinessLogic", "ShortestPath.BusinessLogic\ShortestPath.BusinessLogic.csproj", "{4EA78E12-5B40-4F12-89F5-F369037D1566}"
EndProject
Project("{FAE04EC0-301F-11D3-BF4B-00C04F79EFBC}") = "SortestPath.ConsoleApp", "SortestPath.ConsoleApp\SortestPath.ConsoleApp.csproj", "{B1952AC8-0519-4799-A3CE-BA9CBCA7BD57}"
EndProject
Project("{FAE04EC0-301F-11D3-BF4B-00C04F79EFBC}") = "ShortestPath.WebAPI", "ShortestPath.WebAPI\ShortestPath.WebAPI.csproj", "{B13AAA1B-D9E1-4BE6-84B0-5C4EB5C36F5F}"
EndProject
Global
	GlobalSection(SolutionConfigurationPlatforms) = preSolution
		Debug|Any CPU = Debug|Any CPU
		Release|Any CPU = Release|Any CPU
	EndGlobalSection
	GlobalSection(ProjectConfigurationPlatforms) = postSolution
		{8540200C-4BE2-4F8D-828B-920D3C716B27}.Debug|Any CPU.ActiveCfg = Debug|Any CPU
		{8540200C-4BE2-4F8D-828B-920D3C716B27}.Debug|Any CPU.Build.0 = Debug|Any CPU
		{8540200C-4BE2-4F8D-828B-920D3C716B27}.Release|Any CPU.ActiveCfg = Release|Any CPU
		{8540200C-4BE2-4F8D-828B-920D3C716B27}.Release|Any CPU.Build.0 = Release|Any CPU
		{4EA78E12-5B40-4F12-89F5-F369037D1566}.Debug|Any CPU.ActiveCfg = Debug|Any CPU
		{4EA78E12-5B40-4F12-89F5-F369037D1566}.Debug|Any CPU.Build.0 = Debug|Any CPU
		{4EA78E12-5B40-4F12-89F5-F369037D1566}.Release|Any CPU.ActiveCfg = Release|Any CPU
		{4EA78E12-5B40-4F12-89F5-F369037D1566}.Release|Any CPU.Build.0 = Release|Any CPU
		{B1952AC8-0519-4799-A3CE-BA9CBCA7BD57}.Debug|Any CPU.ActiveCfg = Debug|Any CPU
		{B1952AC8-0519-4799-A3CE-BA9CBCA7BD57}.Debug|Any CPU.Build.0 = Debug|Any CPU
		{B1952AC8-0519-4799-A3CE-BA9CBCA7BD57}.Release|Any CPU.ActiveCfg = Release|Any CPU
		{B1952AC8-0519-4799-A3CE-BA9CBCA7BD57}.Release|Any CPU.Build.0 = Release|Any CPU
		{B13AAA1B-D9E1-4BE6-84B0-5C4EB5C36F5F}.Debug|Any CPU.ActiveCfg = Debug|Any CPU
		{B13AAA1B-D9E1-4BE6-84B0-5C4EB5C36F5F}.Debug|Any CPU.Build.0 = Debug|Any CPU
		{B13AAA1B-D9E1-4BE6-84B0-5C4EB5C36F5F}.Release|Any CPU.ActiveCfg = Release|Any CPU
		{B13AAA1B-D9E1-4BE6-84B0-5C4EB5C36F5F}.Release|Any CPU.Build.0 = Release|Any CPU
	EndGlobalSection
EndGlobal
